
Microsoft Visual Studio Solution File, Format Version 12.00
# Visual Studio Version 17
VisualStudioVersion = 17.5.33424.131
MinimumVisualStudioVersion = 10.0.40219.1
Project("{FAE04EC0-301F-11D3-BF4B-00C04F79EFBC}") = "v0615", "v0615\v0615.csproj", "{F6D1B5E7-0AFB-494D-BF33-87F384569393}"
EndProject
Global
	GlobalSection(SolutionConfigurationPlatforms) = preSolution
		Debug|Any CPU = Debug|Any CPU
		Release|Any CPU = Release|Any CPU
	EndGlobalSection
	GlobalSection(ProjectConfigurationPlatforms) = postSolution
		{F6D1B5E7-0AFB-494D-BF33-87F384569393}.Debug|Any CPU.ActiveCfg = Debug|Any CPU
		{F6D1B5E7-0AFB-494D-BF33-87F384569393}.Debug|Any CPU.Build.0 = Debug|Any CPU
		{F6D1B5E7-0AFB-494D-BF33-87F384569393}.Release|Any CPU.ActiveCfg = Release|Any CPU
		{F6D1B5E7-0AFB-494D-BF33-87F384569393}.Release|Any CPU.Build.0 = Release|Any CPU
	EndGlobalSection
	GlobalSection(SolutionProperties) = preSolution
		HideSolutionNode = FALSE
	EndGlobalSection
	GlobalSection(ExtensibilityGlobals) = postSolution
		SolutionGuid = {8EF36D0D-DA92-4663-91F0-67B662A35A03}
	EndGlobalSection
EndGlobal
